
Microsoft Visual Studio Solution File, Format Version 12.00
# Visual Studio 14
VisualStudioVersion = 14.0.25420.1
MinimumVisualStudioVersion = 10.0.40219.1
Project("{FAE04EC0-301F-11D3-BF4B-00C04F79EFBC}") = "HastaneOtomasyonu", "HastaneOtomasyonu.csproj", "{41DE6FA1-0E52-437F-817B-70C74E2E165E}"
EndProject
Project("{FAE04EC0-301F-11D3-BF4B-00C04F79EFBC}") = "HastaOtomasyonLib", "..\HastaOtomasyonLib\HastaOtomasyonLib.csproj", "{F1844FA6-BC58-47C7-99E3-A65EC97ADD88}"
EndProject
Global
	GlobalSection(SolutionConfigurationPlatforms) = preSolution
		Debug|Any CPU = Debug|Any CPU
		Release|Any CPU = Release|Any CPU
	EndGlobalSection
	GlobalSection(ProjectConfigurationPlatforms) = postSolution
		{41DE6FA1-0E52-437F-817B-70C74E2E165E}.Debug|Any CPU.ActiveCfg = Debug|Any CPU
		{41DE6FA1-0E52-437F-817B-70C74E2E165E}.Debug|Any CPU.Build.0 = Debug|Any CPU
		{41DE6FA1-0E52-437F-817B-70C74E2E165E}.Release|Any CPU.ActiveCfg = Release|Any CPU
		{41DE6FA1-0E52-437F-817B-70C74E2E165E}.Release|Any CPU.Build.0 = Release|Any CPU
		{F1844FA6-BC58-47C7-99E3-A65EC97ADD88}.Debug|Any CPU.ActiveCfg = Debug|Any CPU
		{F1844FA6-BC58-47C7-99E3-A65EC97ADD88}.Debug|Any CPU.Build.0 = Debug|Any CPU
		{F1844FA6-BC58-47C7-99E3-A65EC97ADD88}.Release|Any CPU.ActiveCfg = Release|Any CPU
		{F1844FA6-BC58-47C7-99E3-A65EC97ADD88}.Release|Any CPU.Build.0 = Release|Any CPU
	EndGlobalSection
	GlobalSection(SolutionProperties) = preSolution
		HideSolutionNode = FALSE
	EndGlobalSection
	GlobalSection(TeamFoundationVersionControl) = preSolution
		SccNumberOfProjects = 3
		SccEnterpriseProvider = {4CA58AB2-18FA-4F8D-95D4-32DDF27D184C}
		SccTeamFoundationServer = https://celilkoglu.visualstudio.com/
		SccProjectUniqueName0 = HastaneOtomasyonu.csproj
		SccLocalPath0 = .
		SccProjectUniqueName1 = ..\\HastaOtomasyonLib\\HastaOtomasyonLib.csproj
		SccProjectName1 = ../HastaOtomasyonLib
		SccLocalPath1 = ..\\HastaOtomasyonLib
		SccLocalPath2 = .
	EndGlobalSection
EndGlobal
